
Microsoft Visual Studio Solution File, Format Version 12.00
# Visual Studio Version 17
VisualStudioVersion = 17.1.31903.286
MinimumVisualStudioVersion = 10.0.40219.1
Project("{FAE04EC0-301F-11D3-BF4B-00C04F79EFBC}") = "AsyncKeyedLock", "AsyncKeyedLock\AsyncKeyedLock.csproj", "{0A7CB651-70B8-4C5C-8647-31B211273EAE}"
EndProject
Global
	GlobalSection(SolutionConfigurationPlatforms) = preSolution
		Debug|Any CPU = Debug|Any CPU
		Release|Any CPU = Release|Any CPU
	EndGlobalSection
	GlobalSection(ProjectConfigurationPlatforms) = postSolution
		{0A7CB651-70B8-4C5C-8647-31B211273EAE}.Debug|Any CPU.ActiveCfg = Debug|Any CPU
		{0A7CB651-70B8-4C5C-8647-31B211273EAE}.Debug|Any CPU.Build.0 = Debug|Any CPU
		{0A7CB651-70B8-4C5C-8647-31B211273EAE}.Release|Any CPU.ActiveCfg = Release|Any CPU
		{0A7CB651-70B8-4C5C-8647-31B211273EAE}.Release|Any CPU.Build.0 = Release|Any CPU
	EndGlobalSection
	GlobalSection(SolutionProperties) = preSolution
		HideSolutionNode = FALSE
	EndGlobalSection
	GlobalSection(ExtensibilityGlobals) = postSolution
		SolutionGuid = {41CFD5E7-030D-4A1C-B9C2-67068ECB3D8B}
	EndGlobalSection
EndGlobal
